
Microsoft Visual Studio Solution File, Format Version 12.00
# Visual Studio 15
VisualStudioVersion = 15.0.28307.1300
MinimumVisualStudioVersion = 10.0.40219.1
Project("{FAE04EC0-301F-11D3-BF4B-00C04F79EFBC}") = "Ghorbani", "Ghorbani\Ghorbani.csproj", "{E4B2E9A1-6DEE-4DDD-9C91-86EAAE7EEFAA}"
EndProject
Global
	GlobalSection(SolutionConfigurationPlatforms) = preSolution
		Debug|Any CPU = Debug|Any CPU
		Release|Any CPU = Release|Any CPU
	EndGlobalSection
	GlobalSection(ProjectConfigurationPlatforms) = postSolution
		{E4B2E9A1-6DEE-4DDD-9C91-86EAAE7EEFAA}.Debug|Any CPU.ActiveCfg = Debug|Any CPU
		{E4B2E9A1-6DEE-4DDD-9C91-86EAAE7EEFAA}.Debug|Any CPU.Build.0 = Debug|Any CPU
		{E4B2E9A1-6DEE-4DDD-9C91-86EAAE7EEFAA}.Release|Any CPU.ActiveCfg = Release|Any CPU
		{E4B2E9A1-6DEE-4DDD-9C91-86EAAE7EEFAA}.Release|Any CPU.Build.0 = Release|Any CPU
	EndGlobalSection
	GlobalSection(SolutionProperties) = preSolution
		HideSolutionNode = FALSE
	EndGlobalSection
	GlobalSection(ExtensibilityGlobals) = postSolution
		SolutionGuid = {7DB2F6BA-3B4A-4657-B7D7-AD5743C5AFEF}
	EndGlobalSection
EndGlobal
